
Microsoft Visual Studio Solution File, Format Version 12.00
# Visual Studio Version 17
VisualStudioVersion = 17.9.34518.117
MinimumVisualStudioVersion = 10.0.40219.1
Project("{2150E333-8FDC-42A3-9474-1A3956D46DE8}") = "src", "src", "{28BFBF60-534A-45D4-8DD5-6CDF17FBD94F}"
	ProjectSection(SolutionItems) = preProject
		src\Directory.Build.props = src\Directory.Build.props
	EndProjectSection
EndProject
Project("{2150E333-8FDC-42A3-9474-1A3956D46DE8}") = "tests", "tests", "{17ED32B0-6D00-46E1-A9FC-10EDB882A84C}"
	ProjectSection(SolutionItems) = preProject
		tests\.editorconfig = tests\.editorconfig
		tests\Directory.Build.props = tests\Directory.Build.props
		tests\Directory.Packages.props = tests\Directory.Packages.props
	EndProjectSection
EndProject
Project("{2150E333-8FDC-42A3-9474-1A3956D46DE8}") = "Solution Items", "Solution Items", "{AB9B5116-3854-4D67-8DD7-BACB065B95E3}"
	ProjectSection(SolutionItems) = preProject
		.editorconfig = .editorconfig
		.gitattributes = .gitattributes
		.gitignore = .gitignore
		Directory.Build.props = Directory.Build.props
		Directory.Build.targets = Directory.Build.targets
		Directory.Packages.props = Directory.Packages.props
		LICENSE = LICENSE
	EndProjectSection
EndProject
Project("{9A19103F-16F7-4668-BE54-9A1E7A4F7556}") = "Quarer", "src\Quarer\Quarer.csproj", "{3DC16B52-C775-42EF-A371-EBF0C8ED7EDA}"
EndProject
Project("{9A19103F-16F7-4668-BE54-9A1E7A4F7556}") = "Quarer.Tests", "tests\Quarer.Tests\Quarer.Tests.csproj", "{5C4A736D-0E63-41D8-A229-CA3F52509069}"
EndProject
Project("{2150E333-8FDC-42A3-9474-1A3956D46DE8}") = "tools", "tools", "{22972AD8-4094-4D3C-A4AE-5F34CAA63B41}"
EndProject
Project("{FAE04EC0-301F-11D3-BF4B-00C04F79EFBC}") = "LookupTableGenerator", "tools\LookupTableGenerator\LookupTableGenerator.csproj", "{681DFB74-BC27-4E3A-8FF5-CA7D3B1C79F5}"
EndProject
Project("{FAE04EC0-301F-11D3-BF4B-00C04F79EFBC}") = "Quarer.Benchmarks", "benchmarks\Quarer.Benchmarks.csproj", "{A8558E1C-2813-4F88-8C69-5FC6B086EEC9}"
EndProject
Project("{2150E333-8FDC-42A3-9474-1A3956D46DE8}") = "benchmarks", "benchmarks", "{6ABFC737-EFDA-4858-85B9-43E7F11681BB}"
EndProject
Global
	GlobalSection(SolutionConfigurationPlatforms) = preSolution
		Debug|Any CPU = Debug|Any CPU
		Release|Any CPU = Release|Any CPU
	EndGlobalSection
	GlobalSection(ProjectConfigurationPlatforms) = postSolution
		{3DC16B52-C775-42EF-A371-EBF0C8ED7EDA}.Debug|Any CPU.ActiveCfg = Debug|Any CPU
		{3DC16B52-C775-42EF-A371-EBF0C8ED7EDA}.Debug|Any CPU.Build.0 = Debug|Any CPU
		{3DC16B52-C775-42EF-A371-EBF0C8ED7EDA}.Release|Any CPU.ActiveCfg = Release|Any CPU
		{3DC16B52-C775-42EF-A371-EBF0C8ED7EDA}.Release|Any CPU.Build.0 = Release|Any CPU
		{5C4A736D-0E63-41D8-A229-CA3F52509069}.Debug|Any CPU.ActiveCfg = Debug|Any CPU
		{5C4A736D-0E63-41D8-A229-CA3F52509069}.Debug|Any CPU.Build.0 = Debug|Any CPU
		{5C4A736D-0E63-41D8-A229-CA3F52509069}.Release|Any CPU.ActiveCfg = Release|Any CPU
		{5C4A736D-0E63-41D8-A229-CA3F52509069}.Release|Any CPU.Build.0 = Release|Any CPU
		{681DFB74-BC27-4E3A-8FF5-CA7D3B1C79F5}.Debug|Any CPU.ActiveCfg = Debug|Any CPU
		{681DFB74-BC27-4E3A-8FF5-CA7D3B1C79F5}.Debug|Any CPU.Build.0 = Debug|Any CPU
		{681DFB74-BC27-4E3A-8FF5-CA7D3B1C79F5}.Release|Any CPU.ActiveCfg = Release|Any CPU
		{681DFB74-BC27-4E3A-8FF5-CA7D3B1C79F5}.Release|Any CPU.Build.0 = Release|Any CPU
		{A8558E1C-2813-4F88-8C69-5FC6B086EEC9}.Debug|Any CPU.ActiveCfg = Debug|Any CPU
		{A8558E1C-2813-4F88-8C69-5FC6B086EEC9}.Debug|Any CPU.Build.0 = Debug|Any CPU
		{A8558E1C-2813-4F88-8C69-5FC6B086EEC9}.Release|Any CPU.ActiveCfg = Release|Any CPU
		{A8558E1C-2813-4F88-8C69-5FC6B086EEC9}.Release|Any CPU.Build.0 = Release|Any CPU
	EndGlobalSection
	GlobalSection(SolutionProperties) = preSolution
		HideSolutionNode = FALSE
	EndGlobalSection
	GlobalSection(NestedProjects) = preSolution
		{3DC16B52-C775-42EF-A371-EBF0C8ED7EDA} = {28BFBF60-534A-45D4-8DD5-6CDF17FBD94F}
		{5C4A736D-0E63-41D8-A229-CA3F52509069} = {17ED32B0-6D00-46E1-A9FC-10EDB882A84C}
		{681DFB74-BC27-4E3A-8FF5-CA7D3B1C79F5} = {22972AD8-4094-4D3C-A4AE-5F34CAA63B41}
		{A8558E1C-2813-4F88-8C69-5FC6B086EEC9} = {6ABFC737-EFDA-4858-85B9-43E7F11681BB}
		{6ABFC737-EFDA-4858-85B9-43E7F11681BB} = {28BFBF60-534A-45D4-8DD5-6CDF17FBD94F}
	EndGlobalSection
	GlobalSection(ExtensibilityGlobals) = postSolution
		SolutionGuid = {07476B4C-08E1-4BFF-8EF3-9596BCA23498}
	EndGlobalSection
EndGlobal
